// !$*UTF8*$!
{
	archiveVersion = 1;
	classes = {
	};
	objectVersion = 77;
	objects = {

/* Begin PBXBuildFile section */
		A2D7F89A2E1E61EF008F0A7C /* Assets.xcassets in Resources */ = {isa = PBXBuildFile; fileRef = A2D7F8952E1E61EF008F0A7C /* Assets.xcassets */; };
		A2D7F89B2E1E61EF008F0A7C /* swiftui_tutorialsApp.swift in Sources */ = {isa = PBXBuildFile; fileRef = A2D7F8992E1E61EF008F0A7C /* swiftui_tutorialsApp.swift */; };
		A2D7F89C2E1E61EF008F0A7C /* MapView.swift in Sources */ = {isa = PBXBuildFile; fileRef = A2D7F8982E1E61EF008F0A7C /* MapView.swift */; };
		A2D7F89D2E1E61EF008F0A7C /* CircleImage.swift in Sources */ = {isa = PBXBuildFile; fileRef = A2D7F8962E1E61EF008F0A7C /* CircleImage.swift */; };
		A2D7F89E2E1E61EF008F0A7C /* ContentView.swift in Sources */ = {isa = PBXBuildFile; fileRef = A2D7F8972E1E61EF008F0A7C /* ContentView.swift */; };
		A2D7F8A42E1E628A008F0A7C /* landmarkData.json in Resources */ = {isa = PBXBuildFile; fileRef = A2D7F8A32E1E628A008F0A7C /* landmarkData.json */; };
		A2D7F8A72E1E62A4008F0A7C /* ModelData.swift in Sources */ = {isa = PBXBuildFile; fileRef = A2D7F8A62E1E62A4008F0A7C /* ModelData.swift */; };
		A2D7F8A82E1E62A4008F0A7C /* Landmark.swift in Sources */ = {isa = PBXBuildFile; fileRef = A2D7F8A52E1E62A4008F0A7C /* Landmark.swift */; };
		A2D7F8AA2E1E62FA008F0A7C /* LandmarkRow.swift in Sources */ = {isa = PBXBuildFile; fileRef = A2D7F8A92E1E62FA008F0A7C /* LandmarkRow.swift */; };
		A2D7F8AC2E1E66C0008F0A7C /* LandmarkList.swift in Sources */ = {isa = PBXBuildFile; fileRef = A2D7F8AB2E1E66C0008F0A7C /* LandmarkList.swift */; };
		A2D7F8AE2E1E6799008F0A7C /* LandmarkDetail.swift in Sources */ = {isa = PBXBuildFile; fileRef = A2D7F8AD2E1E6799008F0A7C /* LandmarkDetail.swift */; };
		A2EB1D132E1F6412008582D5 /* FavoriteButton.swift in Sources */ = {isa = PBXBuildFile; fileRef = A2EB1D122E1F6412008582D5 /* FavoriteButton.swift */; };
		A2EB1D182E1F6908008582D5 /* HexagonParameters.swift in Sources */ = {isa = PBXBuildFile; fileRef = A2EB1D172E1F6908008582D5 /* HexagonParameters.swift */; };
		A2EB1D1A2E1F6A19008582D5 /* BadgeBackground.swift in Sources */ = {isa = PBXBuildFile; fileRef = A2EB1D192E1F6A19008582D5 /* BadgeBackground.swift */; };
		A2EB1D1C2E1F6E2A008582D5 /* Badgesymbol.swift in Sources */ = {isa = PBXBuildFile; fileRef = A2EB1D1B2E1F6E2A008582D5 /* Badgesymbol.swift */; };
		A2EB1D1E2E1F6EDD008582D5 /* RotatedBadgeSymbol.swift in Sources */ = {isa = PBXBuildFile; fileRef = A2EB1D1D2E1F6EDD008582D5 /* RotatedBadgeSymbol.swift */; };
		A2EB1D202E1F6F83008582D5 /* Badge.swift in Sources */ = {isa = PBXBuildFile; fileRef = A2EB1D1F2E1F6F83008582D5 /* Badge.swift */; };
/* End PBXBuildFile section */

/* Begin PBXFileReference section */
		A2D7F8952E1E61EF008F0A7C /* Assets.xcassets */ = {isa = PBXFileReference; lastKnownFileType = folder.assetcatalog; path = Assets.xcassets; sourceTree = "<group>"; };
		A2D7F8962E1E61EF008F0A7C /* CircleImage.swift */ = {isa = PBXFileReference; lastKnownFileType = sourcecode.swift; path = CircleImage.swift; sourceTree = "<group>"; };
		A2D7F8972E1E61EF008F0A7C /* ContentView.swift */ = {isa = PBXFileReference; lastKnownFileType = sourcecode.swift; path = ContentView.swift; sourceTree = "<group>"; };
		A2D7F8982E1E61EF008F0A7C /* MapView.swift */ = {isa = PBXFileReference; lastKnownFileType = sourcecode.swift; path = MapView.swift; sourceTree = "<group>"; };
		A2D7F8992E1E61EF008F0A7C /* swiftui_tutorialsApp.swift */ = {isa = PBXFileReference; lastKnownFileType = sourcecode.swift; path = swiftui_tutorialsApp.swift; sourceTree = "<group>"; };
		A2D7F8A32E1E628A008F0A7C /* landmarkData.json */ = {isa = PBXFileReference; lastKnownFileType = text.json; path = landmarkData.json; sourceTree = "<group>"; };
		A2D7F8A52E1E62A4008F0A7C /* Landmark.swift */ = {isa = PBXFileReference; lastKnownFileType = sourcecode.swift; path = Landmark.swift; sourceTree = "<group>"; };
		A2D7F8A62E1E62A4008F0A7C /* ModelData.swift */ = {isa = PBXFileReference; lastKnownFileType = sourcecode.swift; path = ModelData.swift; sourceTree = "<group>"; };
		A2D7F8A92E1E62FA008F0A7C /* LandmarkRow.swift */ = {isa = PBXFileReference; lastKnownFileType = sourcecode.swift; path = LandmarkRow.swift; sourceTree = "<group>"; };
		A2D7F8AB2E1E66C0008F0A7C /* LandmarkList.swift */ = {isa = PBXFileReference; lastKnownFileType = sourcecode.swift; path = LandmarkList.swift; sourceTree = "<group>"; };
		A2D7F8AD2E1E6799008F0A7C /* LandmarkDetail.swift */ = {isa = PBXFileReference; lastKnownFileType = sourcecode.swift; path = LandmarkDetail.swift; sourceTree = "<group>"; };
		A2EB1D112E1F6228008582D5 /* swiftui-tutorials.app */ = {isa = PBXFileReference; explicitFileType = wrapper.application; includeInIndex = 0; name = "swiftui-tutorials.app"; path = "/Users/wen/xcodeProjects/swiftui-tutorials/build/Debug-iphoneos/swiftui-tutorials.app"; sourceTree = "<absolute>"; };
		A2EB1D122E1F6412008582D5 /* FavoriteButton.swift */ = {isa = PBXFileReference; lastKnownFileType = sourcecode.swift; path = FavoriteButton.swift; sourceTree = "<group>"; };
		A2EB1D172E1F6908008582D5 /* HexagonParameters.swift */ = {isa = PBXFileReference; lastKnownFileType = sourcecode.swift; path = HexagonParameters.swift; sourceTree = "<group>"; };
		A2EB1D192E1F6A19008582D5 /* BadgeBackground.swift */ = {isa = PBXFileReference; lastKnownFileType = sourcecode.swift; path = BadgeBackground.swift; sourceTree = "<group>"; };
		A2EB1D1B2E1F6E2A008582D5 /* Badgesymbol.swift */ = {isa = PBXFileReference; lastKnownFileType = sourcecode.swift; path = Badgesymbol.swift; sourceTree = "<group>"; };
		A2EB1D1D2E1F6EDD008582D5 /* RotatedBadgeSymbol.swift */ = {isa = PBXFileReference; lastKnownFileType = sourcecode.swift; path = RotatedBadgeSymbol.swift; sourceTree = "<group>"; };
		A2EB1D1F2E1F6F83008582D5 /* Badge.swift */ = {isa = PBXFileReference; lastKnownFileType = sourcecode.swift; path = Badge.swift; sourceTree = "<group>"; };
/* End PBXFileReference section */

/* Begin PBXFrameworksBuildPhase section */
		A2D7F7F62E1E4196008F0A7C /* Frameworks */ = {
			isa = PBXFrameworksBuildPhase;
			buildActionMask = 2147483647;
			files = (
			);
			runOnlyForDeploymentPostprocessing = 0;
		};
/* End PBXFrameworksBuildPhase section */

/* Begin PBXGroup section */
		A2D7F7F02E1E4195008F0A7C = {
			isa = PBXGroup;
			children = (
				A2D7F8A22E1E6226008F0A7C /* Resources */,
				A2D7F89F2E1E61FE008F0A7C /* Model */,
				A2D7F8952E1E61EF008F0A7C /* Assets.xcassets */,
				A2D7F8992E1E61EF008F0A7C /* swiftui_tutorialsApp.swift */,
				A2D7F8A12E1E6219008F0A7C /* Views */,
			);
			sourceTree = "<group>";
		};
		A2D7F89F2E1E61FE008F0A7C /* Model */ = {
			isa = PBXGroup;
			children = (
				A2D7F8A52E1E62A4008F0A7C /* Landmark.swift */,
				A2D7F8A62E1E62A4008F0A7C /* ModelData.swift */,
			);
			path = Model;
			sourceTree = "<group>";
		};
		A2D7F8A12E1E6219008F0A7C /* Views */ = {
			isa = PBXGroup;
			children = (
				A2EB1D212E1F7111008582D5 /* Badges */,
				A2EB1D162E1F658B008582D5 /* Helper */,
				A2EB1D152E1F657E008582D5 /* Landmarks */,
				A2D7F8972E1E61EF008F0A7C /* ContentView.swift */,
			);
			path = Views;
			sourceTree = "<group>";
		};
		A2D7F8A22E1E6226008F0A7C /* Resources */ = {
			isa = PBXGroup;
			children = (
				A2D7F8A32E1E628A008F0A7C /* landmarkData.json */,
			);
			path = Resources;
			sourceTree = "<group>";
		};
		A2EB1D152E1F657E008582D5 /* Landmarks */ = {
			isa = PBXGroup;
			children = (
				A2D7F8A92E1E62FA008F0A7C /* LandmarkRow.swift */,
				A2D7F8AB2E1E66C0008F0A7C /* LandmarkList.swift */,
				A2D7F8AD2E1E6799008F0A7C /* LandmarkDetail.swift */,
			);
			path = Landmarks;
			sourceTree = "<group>";
		};
		A2EB1D162E1F658B008582D5 /* Helper */ = {
			isa = PBXGroup;
			children = (
				A2D7F8962E1E61EF008F0A7C /* CircleImage.swift */,
				A2D7F8982E1E61EF008F0A7C /* MapView.swift */,
				A2EB1D122E1F6412008582D5 /* FavoriteButton.swift */,
			);
			path = Helper;
			sourceTree = "<group>";
		};
		A2EB1D212E1F7111008582D5 /* Badges */ = {
			isa = PBXGroup;
			children = (
				A2EB1D172E1F6908008582D5 /* HexagonParameters.swift */,
				A2EB1D192E1F6A19008582D5 /* BadgeBackground.swift */,
				A2EB1D1B2E1F6E2A008582D5 /* Badgesymbol.swift */,
				A2EB1D1D2E1F6EDD008582D5 /* RotatedBadgeSymbol.swift */,
				A2EB1D1F2E1F6F83008582D5 /* Badge.swift */,
			);
			path = Badges;
			sourceTree = "<group>";
		};
/* End PBXGroup section */

/* Begin PBXNativeTarget section */
		A2D7F7F82E1E4196008F0A7C /* swiftui-tutorials */ = {
			isa = PBXNativeTarget;
			buildConfigurationList = A2D7F8042E1E4196008F0A7C /* Build configuration list for PBXNativeTarget "swiftui-tutorials" */;
			buildPhases = (
				A2D7F7F52E1E4196008F0A7C /* Sources */,
				A2D7F7F62E1E4196008F0A7C /* Frameworks */,
				A2D7F7F72E1E4196008F0A7C /* Resources */,
			);
			buildRules = (
			);
			dependencies = (
			);
			name = "swiftui-tutorials";
			packageProductDependencies = (
			);
			productName = "swiftui-tutorials";
			productReference = A2EB1D112E1F6228008582D5 /* swiftui-tutorials.app */;
			productType = "com.apple.product-type.application";
		};
/* End PBXNativeTarget section */

/* Begin PBXProject section */
		A2D7F7F12E1E4196008F0A7C /* Project object */ = {
			isa = PBXProject;
			attributes = {
				BuildIndependentTargetsInParallel = 1;
				LastSwiftUpdateCheck = 1640;
				LastUpgradeCheck = 1640;
				TargetAttributes = {
					A2D7F7F82E1E4196008F0A7C = {
						CreatedOnToolsVersion = 16.4;
					};
				};
			};
			buildConfigurationList = A2D7F7F42E1E4196008F0A7C /* Build configuration list for PBXProject "swiftui-tutorials" */;
			developmentRegion = en;
			hasScannedForEncodings = 0;
			knownRegions = (
				en,
				Base,
			);
			mainGroup = A2D7F7F02E1E4195008F0A7C;
			minimizedProjectReferenceProxies = 1;
			preferredProjectObjectVersion = 77;
			productRefGroup = A2D7F7F02E1E4195008F0A7C;
			projectDirPath = "";
			projectRoot = "";
			targets = (
				A2D7F7F82E1E4196008F0A7C /* swiftui-tutorials */,
			);
		};
/* End PBXProject section */

/* Begin PBXResourcesBuildPhase section */
		A2D7F7F72E1E4196008F0A7C /* Resources */ = {
			isa = PBXResourcesBuildPhase;
			buildActionMask = 2147483647;
			files = (
				A2D7F89A2E1E61EF008F0A7C /* Assets.xcassets in Resources */,
				A2D7F8A42E1E628A008F0A7C /* landmarkData.json in Resources */,
			);
			runOnlyForDeploymentPostprocessing = 0;
		};
/* End PBXResourcesBuildPhase section */

/* Begin PBXSourcesBuildPhase section */
		A2D7F7F52E1E4196008F0A7C /* Sources */ = {
			isa = PBXSourcesBuildPhase;
			buildActionMask = 2147483647;
			files = (
				A2D7F89B2E1E61EF008F0A7C /* swiftui_tutorialsApp.swift in Sources */,
				A2EB1D202E1F6F83008582D5 /* Badge.swift in Sources */,
				A2D7F89C2E1E61EF008F0A7C /* MapView.swift in Sources */,
				A2D7F89D2E1E61EF008F0A7C /* CircleImage.swift in Sources */,
				A2EB1D132E1F6412008582D5 /* FavoriteButton.swift in Sources */,
				A2EB1D182E1F6908008582D5 /* HexagonParameters.swift in Sources */,
				A2EB1D1E2E1F6EDD008582D5 /* RotatedBadgeSymbol.swift in Sources */,
				A2EB1D1C2E1F6E2A008582D5 /* Badgesymbol.swift in Sources */,
				A2D7F8AC2E1E66C0008F0A7C /* LandmarkList.swift in Sources */,
				A2D7F8AE2E1E6799008F0A7C /* LandmarkDetail.swift in Sources */,
				A2EB1D1A2E1F6A19008582D5 /* BadgeBackground.swift in Sources */,
				A2D7F89E2E1E61EF008F0A7C /* ContentView.swift in Sources */,
				A2D7F8A72E1E62A4008F0A7C /* ModelData.swift in Sources */,
				A2D7F8AA2E1E62FA008F0A7C /* LandmarkRow.swift in Sources */,
				A2D7F8A82E1E62A4008F0A7C /* Landmark.swift in Sources */,
			);
			runOnlyForDeploymentPostprocessing = 0;
		};
/* End PBXSourcesBuildPhase section */

/* Begin XCBuildConfiguration section */
		A2D7F8022E1E4196008F0A7C /* Debug */ = {
			isa = XCBuildConfiguration;
			buildSettings = {
				ALWAYS_SEARCH_USER_PATHS = NO;
				ASSETCATALOG_COMPILER_GENERATE_SWIFT_ASSET_SYMBOL_EXTENSIONS = YES;
				CLANG_ANALYZER_NONNULL = YES;
				CLANG_ANALYZER_NUMBER_OBJECT_CONVERSION = YES_AGGRESSIVE;
				CLANG_CXX_LANGUAGE_STANDARD = "gnu++20";
				CLANG_ENABLE_MODULES = YES;
				CLANG_ENABLE_OBJC_ARC = YES;
				CLANG_ENABLE_OBJC_WEAK = YES;
				CLANG_WARN_BLOCK_CAPTURE_AUTORELEASING = YES;
				CLANG_WARN_BOOL_CONVERSION = YES;
				CLANG_WARN_COMMA = YES;
				CLANG_WARN_CONSTANT_CONVERSION = YES;
				CLANG_WARN_DEPRECATED_OBJC_IMPLEMENTATIONS = YES;
				CLANG_WARN_DIRECT_OBJC_ISA_USAGE = YES_ERROR;
				CLANG_WARN_DOCUMENTATION_COMMENTS = YES;
				CLANG_WARN_EMPTY_BODY = YES;
				CLANG_WARN_ENUM_CONVERSION = YES;
				CLANG_WARN_INFINITE_RECURSION = YES;
				CLANG_WARN_INT_CONVERSION = YES;
				CLANG_WARN_NON_LITERAL_NULL_CONVERSION = YES;
				CLANG_WARN_OBJC_IMPLICIT_RETAIN_SELF = YES;
				CLANG_WARN_OBJC_LITERAL_CONVERSION = YES;
				CLANG_WARN_OBJC_ROOT_CLASS = YES_ERROR;
				CLANG_WARN_QUOTED_INCLUDE_IN_FRAMEWORK_HEADER = YES;
				CLANG_WARN_RANGE_LOOP_ANALYSIS = YES;
				CLANG_WARN_STRICT_PROTOTYPES = YES;
				CLANG_WARN_SUSPICIOUS_MOVE = YES;
				CLANG_WARN_UNGUARDED_AVAILABILITY = YES_AGGRESSIVE;
				CLANG_WARN_UNREACHABLE_CODE = YES;
				CLANG_WARN__DUPLICATE_METHOD_MATCH = YES;
				COPY_PHASE_STRIP = NO;
				DEBUG_INFORMATION_FORMAT = dwarf;
				DEVELOPMENT_TEAM = Q5MDMK93NF;
				ENABLE_STRICT_OBJC_MSGSEND = YES;
				ENABLE_TESTABILITY = YES;
				ENABLE_USER_SCRIPT_SANDBOXING = YES;
				GCC_C_LANGUAGE_STANDARD = gnu17;
				GCC_DYNAMIC_NO_PIC = NO;
				GCC_NO_COMMON_BLOCKS = YES;
				GCC_OPTIMIZATION_LEVEL = 0;
				GCC_PREPROCESSOR_DEFINITIONS = (
					"DEBUG=1",
					"$(inherited)",
				);
				GCC_WARN_64_TO_32_BIT_CONVERSION = YES;
				GCC_WARN_ABOUT_RETURN_TYPE = YES_ERROR;
				GCC_WARN_UNDECLARED_SELECTOR = YES;
				GCC_WARN_UNINITIALIZED_AUTOS = YES_AGGRESSIVE;
				GCC_WARN_UNUSED_FUNCTION = YES;
				GCC_WARN_UNUSED_VARIABLE = YES;
				IPHONEOS_DEPLOYMENT_TARGET = 18.5;
				LOCALIZATION_PREFERS_STRING_CATALOGS = YES;
				MTL_ENABLE_DEBUG_INFO = INCLUDE_SOURCE;
				MTL_FAST_MATH = YES;
				ONLY_ACTIVE_ARCH = YES;
				SDKROOT = iphoneos;
				SWIFT_ACTIVE_COMPILATION_CONDITIONS = "DEBUG $(inherited)";
				SWIFT_OPTIMIZATION_LEVEL = "-Onone";
			};
			name = Debug;
		};
		A2D7F8032E1E4196008F0A7C /* Release */ = {
			isa = XCBuildConfiguration;
			buildSettings = {
				ALWAYS_SEARCH_USER_PATHS = NO;
				ASSETCATALOG_COMPILER_GENERATE_SWIFT_ASSET_SYMBOL_EXTENSIONS = YES;
				CLANG_ANALYZER_NONNULL = YES;
				CLANG_ANALYZER_NUMBER_OBJECT_CONVERSION = YES_AGGRESSIVE;
				CLANG_CXX_LANGUAGE_STANDARD = "gnu++20";
				CLANG_ENABLE_MODULES = YES;
				CLANG_ENABLE_OBJC_ARC = YES;
				CLANG_ENABLE_OBJC_WEAK = YES;
				CLANG_WARN_BLOCK_CAPTURE_AUTORELEASING = YES;
				CLANG_WARN_BOOL_CONVERSION = YES;
				CLANG_WARN_COMMA = YES;
				CLANG_WARN_CONSTANT_CONVERSION = YES;
				CLANG_WARN_DEPRECATED_OBJC_IMPLEMENTATIONS = YES;
				CLANG_WARN_DIRECT_OBJC_ISA_USAGE = YES_ERROR;
				CLANG_WARN_DOCUMENTATION_COMMENTS = YES;
				CLANG_WARN_EMPTY_BODY = YES;
				CLANG_WARN_ENUM_CONVERSION = YES;
				CLANG_WARN_INFINITE_RECURSION = YES;
				CLANG_WARN_INT_CONVERSION = YES;
				CLANG_WARN_NON_LITERAL_NULL_CONVERSION = YES;
				CLANG_WARN_OBJC_IMPLICIT_RETAIN_SELF = YES;
				CLANG_WARN_OBJC_LITERAL_CONVERSION = YES;
				CLANG_WARN_OBJC_ROOT_CLASS = YES_ERROR;
				CLANG_WARN_QUOTED_INCLUDE_IN_FRAMEWORK_HEADER = YES;
				CLANG_WARN_RANGE_LOOP_ANALYSIS = YES;
				CLANG_WARN_STRICT_PROTOTYPES = YES;
				CLANG_WARN_SUSPICIOUS_MOVE = YES;
				CLANG_WARN_UNGUARDED_AVAILABILITY = YES_AGGRESSIVE;
				CLANG_WARN_UNREACHABLE_CODE = YES;
				CLANG_WARN__DUPLICATE_METHOD_MATCH = YES;
				COPY_PHASE_STRIP = NO;
				DEBUG_INFORMATION_FORMAT = "dwarf-with-dsym";
				DEVELOPMENT_TEAM = Q5MDMK93NF;
				ENABLE_NS_ASSERTIONS = NO;
				ENABLE_STRICT_OBJC_MSGSEND = YES;
				ENABLE_USER_SCRIPT_SANDBOXING = YES;
				GCC_C_LANGUAGE_STANDARD = gnu17;
				GCC_NO_COMMON_BLOCKS = YES;
				GCC_WARN_64_TO_32_BIT_CONVERSION = YES;
				GCC_WARN_ABOUT_RETURN_TYPE = YES_ERROR;
				GCC_WARN_UNDECLARED_SELECTOR = YES;
				GCC_WARN_UNINITIALIZED_AUTOS = YES_AGGRESSIVE;
				GCC_WARN_UNUSED_FUNCTION = YES;
				GCC_WARN_UNUSED_VARIABLE = YES;
				IPHONEOS_DEPLOYMENT_TARGET = 18.5;
				LOCALIZATION_PREFERS_STRING_CATALOGS = YES;
				MTL_ENABLE_DEBUG_INFO = NO;
				MTL_FAST_MATH = YES;
				SDKROOT = iphoneos;
				SWIFT_COMPILATION_MODE = wholemodule;
				VALIDATE_PRODUCT = YES;
			};
			name = Release;
		};
		A2D7F8052E1E4196008F0A7C /* Debug */ = {
			isa = XCBuildConfiguration;
			buildSettings = {
				ASSETCATALOG_COMPILER_APPICON_NAME = AppIcon;
				ASSETCATALOG_COMPILER_GLOBAL_ACCENT_COLOR_NAME = AccentColor;
				CODE_SIGN_STYLE = Automatic;
				CURRENT_PROJECT_VERSION = 1;
				DEVELOPMENT_TEAM = Q5MDMK93NF;
				ENABLE_PREVIEWS = YES;
				GENERATE_INFOPLIST_FILE = YES;
				INFOPLIST_KEY_UIApplicationSceneManifest_Generation = YES;
				INFOPLIST_KEY_UIApplicationSupportsIndirectInputEvents = YES;
				INFOPLIST_KEY_UILaunchScreen_Generation = YES;
				INFOPLIST_KEY_UISupportedInterfaceOrientations_iPad = "UIInterfaceOrientationPortrait UIInterfaceOrientationPortraitUpsideDown UIInterfaceOrientationLandscapeLeft UIInterfaceOrientationLandscapeRight";
				INFOPLIST_KEY_UISupportedInterfaceOrientations_iPhone = "UIInterfaceOrientationPortrait UIInterfaceOrientationLandscapeLeft UIInterfaceOrientationLandscapeRight";
				LD_RUNPATH_SEARCH_PATHS = (
					"$(inherited)",
					"@executable_path/Frameworks",
				);
				MARKETING_VERSION = 1.0;
				PRODUCT_BUNDLE_IDENTIFIER = "com.indiegeeker.swiftui-tutorials";
				PRODUCT_NAME = "$(TARGET_NAME)";
				SWIFT_EMIT_LOC_STRINGS = YES;
				SWIFT_VERSION = 5.0;
				TARGETED_DEVICE_FAMILY = "1,2";
			};
			name = Debug;
		};
		A2D7F8062E1E4196008F0A7C /* Release */ = {
			isa = XCBuildConfiguration;
			buildSettings = {
				ASSETCATALOG_COMPILER_APPICON_NAME = AppIcon;
				ASSETCATALOG_COMPILER_GLOBAL_ACCENT_COLOR_NAME = AccentColor;
				CODE_SIGN_STYLE = Automatic;
				CURRENT_PROJECT_VERSION = 1;
				DEVELOPMENT_TEAM = Q5MDMK93NF;
				ENABLE_PREVIEWS = YES;
				GENERATE_INFOPLIST_FILE = YES;
				INFOPLIST_KEY_UIApplicationSceneManifest_Generation = YES;
				INFOPLIST_KEY_UIApplicationSupportsIndirectInputEvents = YES;
				INFOPLIST_KEY_UILaunchScreen_Generation = YES;
				INFOPLIST_KEY_UISupportedInterfaceOrientations_iPad = "UIInterfaceOrientationPortrait UIInterfaceOrientationPortraitUpsideDown UIInterfaceOrientationLandscapeLeft UIInterfaceOrientationLandscapeRight";
				INFOPLIST_KEY_UISupportedInterfaceOrientations_iPhone = "UIInterfaceOrientationPortrait UIInterfaceOrientationLandscapeLeft UIInterfaceOrientationLandscapeRight";
				LD_RUNPATH_SEARCH_PATHS = (
					"$(inherited)",
					"@executable_path/Frameworks",
				);
				MARKETING_VERSION = 1.0;
				PRODUCT_BUNDLE_IDENTIFIER = "com.indiegeeker.swiftui-tutorials";
				PRODUCT_NAME = "$(TARGET_NAME)";
				SWIFT_EMIT_LOC_STRINGS = YES;
				SWIFT_VERSION = 5.0;
				TARGETED_DEVICE_FAMILY = "1,2";
			};
			name = Release;
		};
/* End XCBuildConfiguration section */

/* Begin XCConfigurationList section */
		A2D7F7F42E1E4196008F0A7C /* Build configuration list for PBXProject "swiftui-tutorials" */ = {
			isa = XCConfigurationList;
			buildConfigurations = (
				A2D7F8022E1E4196008F0A7C /* Debug */,
				A2D7F8032E1E4196008F0A7C /* Release */,
			);
			defaultConfigurationIsVisible = 0;
			defaultConfigurationName = Release;
		};
		A2D7F8042E1E4196008F0A7C /* Build configuration list for PBXNativeTarget "swiftui-tutorials" */ = {
			isa = XCConfigurationList;
			buildConfigurations = (
				A2D7F8052E1E4196008F0A7C /* Debug */,
				A2D7F8062E1E4196008F0A7C /* Release */,
			);
			defaultConfigurationIsVisible = 0;
			defaultConfigurationName = Release;
		};
/* End XCConfigurationList section */
	};
	rootObject = A2D7F7F12E1E4196008F0A7C /* Project object */;
}
